// !$*UTF8*$!
{
	archiveVersion = 1;
	classes = {
	};
	objectVersion = 50;
	objects = {

/* Begin PBXBuildFile section */
		7638F0A2217B114E0014F21D /* main.cpp in Sources */ = {isa = PBXBuildFile; fileRef = 7638F0A1217B114E0014F21D /* main.cpp */; };
		7638F0AD217B1EE90014F21D /* class_define.cpp in Sources */ = {isa = PBXBuildFile; fileRef = 7638F0AB217B1EE90014F21D /* class_define.cpp */; };
/* End PBXBuildFile section */

/* Begin PBXCopyFilesBuildPhase section */
		7638F09C217B114E0014F21D /* CopyFiles */ = {
			isa = PBXCopyFilesBuildPhase;
			buildActionMask = 2147483647;
			dstPath = /usr/share/man/man1/;
			dstSubfolderSpec = 0;
			files = (
			);
			runOnlyForDeploymentPostprocessing = 1;
		};
/* End PBXCopyFilesBuildPhase section */

/* Begin PBXFileReference section */
		7638F09E217B114E0014F21D /* Proiect1_MatriciNumereReale */ = {isa = PBXFileReference; explicitFileType = "compiled.mach-o.executable"; includeInIndex = 0; path = Proiect1_MatriciNumereReale; sourceTree = BUILT_PRODUCTS_DIR; };
		7638F0A1217B114E0014F21D /* main.cpp */ = {isa = PBXFileReference; lastKnownFileType = sourcecode.cpp.cpp; path = main.cpp; sourceTree = "<group>"; };
		7638F0AB217B1EE90014F21D /* class_define.cpp */ = {isa = PBXFileReference; lastKnownFileType = sourcecode.cpp.cpp; path = class_define.cpp; sourceTree = "<group>"; };
		7638F0AC217B1EE90014F21D /* class_define.hpp */ = {isa = PBXFileReference; lastKnownFileType = sourcecode.cpp.h; path = class_define.hpp; sourceTree = "<group>"; };
		76B52C9C21823D5800520F6F /* data.in */ = {isa = PBXFileReference; lastKnownFileType = text; path = data.in; sourceTree = "<group>"; };
		76B52C9D2182453E00520F6F /* data.out */ = {isa = PBXFileReference; lastKnownFileType = text; path = data.out; sourceTree = "<group>"; };
/* End PBXFileReference section */

/* Begin PBXFrameworksBuildPhase section */
		7638F09B217B114E0014F21D /* Frameworks */ = {
			isa = PBXFrameworksBuildPhase;
			buildActionMask = 2147483647;
			files = (
			);
			runOnlyForDeploymentPostprocessing = 0;
		};
/* End PBXFrameworksBuildPhase section */

/* Begin PBXGroup section */
		7638F095217B114E0014F21D = {
			isa = PBXGroup;
			children = (
				7638F0A0217B114E0014F21D /* Proiect1_MatriciNumereReale */,
				7638F09F217B114E0014F21D /* Products */,
			);
			sourceTree = "<group>";
		};
		7638F09F217B114E0014F21D /* Products */ = {
			isa = PBXGroup;
			children = (
				7638F09E217B114E0014F21D /* Proiect1_MatriciNumereReale */,
			);
			name = Products;
			sourceTree = "<group>";
		};
		7638F0A0217B114E0014F21D /* Proiect1_MatriciNumereReale */ = {
			isa = PBXGroup;
			children = (
				7638F0A9217B16100014F21D /* Headers */,
				7638F0A8217B16010014F21D /* Source */,
			);
			path = Proiect1_MatriciNumereReale;
			sourceTree = "<group>";
		};
		7638F0A8217B16010014F21D /* Source */ = {
			isa = PBXGroup;
			children = (
				7638F0A1217B114E0014F21D /* main.cpp */,
				7638F0AB217B1EE90014F21D /* class_define.cpp */,
				76B52C9C21823D5800520F6F /* data.in */,
				76B52C9D2182453E00520F6F /* data.out */,
			);
			path = Source;
			sourceTree = "<group>";
		};
		7638F0A9217B16100014F21D /* Headers */ = {
			isa = PBXGroup;
			children = (
				7638F0AC217B1EE90014F21D /* class_define.hpp */,
			);
			path = Headers;
			sourceTree = "<group>";
		};
/* End PBXGroup section */

/* Begin PBXNativeTarget section */
		7638F09D217B114E0014F21D /* Proiect1_MatriciNumereReale */ = {
			isa = PBXNativeTarget;
			buildConfigurationList = 7638F0A5217B114E0014F21D /* Build configuration list for PBXNativeTarget "Proiect1_MatriciNumereReale" */;
			buildPhases = (
				7638F09A217B114E0014F21D /* Sources */,
				7638F09B217B114E0014F21D /* Frameworks */,
				7638F09C217B114E0014F21D /* CopyFiles */,
			);
			buildRules = (
			);
			dependencies = (
			);
			name = Proiect1_MatriciNumereReale;
			productName = Proiect1_MatriciNumereReale;
			productReference = 7638F09E217B114E0014F21D /* Proiect1_MatriciNumereReale */;
			productType = "com.apple.product-type.tool";
		};
/* End PBXNativeTarget section */

/* Begin PBXProject section */
		7638F096217B114E0014F21D /* Project object */ = {
			isa = PBXProject;
			attributes = {
				LastUpgradeCheck = 1000;
				ORGANIZATIONNAME = "Doru Mancila";
				TargetAttributes = {
					7638F09D217B114E0014F21D = {
						CreatedOnToolsVersion = 10.0;
					};
				};
			};
			buildConfigurationList = 7638F099217B114E0014F21D /* Build configuration list for PBXProject "Proiect1_MatriciNumereReale" */;
			compatibilityVersion = "Xcode 9.3";
			developmentRegion = en;
			hasScannedForEncodings = 0;
			knownRegions = (
				en,
			);
			mainGroup = 7638F095217B114E0014F21D;
			productRefGroup = 7638F09F217B114E0014F21D /* Products */;
			projectDirPath = "";
			projectRoot = "";
			targets = (
				7638F09D217B114E0014F21D /* Proiect1_MatriciNumereReale */,
			);
		};
/* End PBXProject section */

/* Begin PBXSourcesBuildPhase section */
		7638F09A217B114E0014F21D /* Sources */ = {
			isa = PBXSourcesBuildPhase;
			buildActionMask = 2147483647;
			files = (
				7638F0A2217B114E0014F21D /* main.cpp in Sources */,
				7638F0AD217B1EE90014F21D /* class_define.cpp in Sources */,
			);
			runOnlyForDeploymentPostprocessing = 0;
		};
/* End PBXSourcesBuildPhase section */

/* Begin XCBuildConfiguration section */
		7638F0A3217B114E0014F21D /* Debug */ = {
			isa = XCBuildConfiguration;
			buildSettings = {
				ALWAYS_SEARCH_USER_PATHS = NO;
				CLANG_ANALYZER_NONNULL = YES;
				CLANG_ANALYZER_NUMBER_OBJECT_CONVERSION = YES_AGGRESSIVE;
				CLANG_CXX_LANGUAGE_STANDARD = "gnu++14";
				CLANG_CXX_LIBRARY = "libc++";
				CLANG_ENABLE_MODULES = YES;
				CLANG_ENABLE_OBJC_ARC = YES;
				CLANG_ENABLE_OBJC_WEAK = YES;
				CLANG_WARN_BLOCK_CAPTURE_AUTORELEASING = YES;
				CLANG_WARN_BOOL_CONVERSION = YES;
				CLANG_WARN_COMMA = YES;
				CLANG_WARN_CONSTANT_CONVERSION = YES;
				CLANG_WARN_DEPRECATED_OBJC_IMPLEMENTATIONS = YES;
				CLANG_WARN_DIRECT_OBJC_ISA_USAGE = YES_ERROR;
				CLANG_WARN_DOCUMENTATION_COMMENTS = YES;
				CLANG_WARN_EMPTY_BODY = YES;
				CLANG_WARN_ENUM_CONVERSION = YES;
				CLANG_WARN_INFINITE_RECURSION = YES;
				CLANG_WARN_INT_CONVERSION = YES;
				CLANG_WARN_NON_LITERAL_NULL_CONVERSION = YES;
				CLANG_WARN_OBJC_IMPLICIT_RETAIN_SELF = YES;
				CLANG_WARN_OBJC_LITERAL_CONVERSION = YES;
				CLANG_WARN_OBJC_ROOT_CLASS = YES_ERROR;
				CLANG_WARN_RANGE_LOOP_ANALYSIS = YES;
				CLANG_WARN_STRICT_PROTOTYPES = YES;
				CLANG_WARN_SUSPICIOUS_MOVE = YES;
				CLANG_WARN_UNGUARDED_AVAILABILITY = YES_AGGRESSIVE;
				CLANG_WARN_UNREACHABLE_CODE = YES;
				CLANG_WARN__DUPLICATE_METHOD_MATCH = YES;
				CODE_SIGN_IDENTITY = "-";
				COPY_PHASE_STRIP = NO;
				DEBUG_INFORMATION_FORMAT = dwarf;
				ENABLE_STRICT_OBJC_MSGSEND = YES;
				ENABLE_TESTABILITY = YES;
				GCC_C_LANGUAGE_STANDARD = gnu11;
				GCC_DYNAMIC_NO_PIC = NO;
				GCC_NO_COMMON_BLOCKS = YES;
				GCC_OPTIMIZATION_LEVEL = 0;
				GCC_PREPROCESSOR_DEFINITIONS = (
					"DEBUG=1",
					"$(inherited)",
				);
				GCC_WARN_64_TO_32_BIT_CONVERSION = YES;
				GCC_WARN_ABOUT_RETURN_TYPE = YES_ERROR;
				GCC_WARN_UNDECLARED_SELECTOR = YES;
				GCC_WARN_UNINITIALIZED_AUTOS = YES_AGGRESSIVE;
				GCC_WARN_UNUSED_FUNCTION = YES;
				GCC_WARN_UNUSED_VARIABLE = YES;
				MACOSX_DEPLOYMENT_TARGET = 10.14;
				MTL_ENABLE_DEBUG_INFO = INCLUDE_SOURCE;
				MTL_FAST_MATH = YES;
				ONLY_ACTIVE_ARCH = YES;
				SDKROOT = macosx;
			};
			name = Debug;
		};
		7638F0A4217B114E0014F21D /* Release */ = {
			isa = XCBuildConfiguration;
			buildSettings = {
				ALWAYS_SEARCH_USER_PATHS = NO;
				CLANG_ANALYZER_NONNULL = YES;
				CLANG_ANALYZER_NUMBER_OBJECT_CONVERSION = YES_AGGRESSIVE;
				CLANG_CXX_LANGUAGE_STANDARD = "gnu++14";
				CLANG_CXX_LIBRARY = "libc++";
				CLANG_ENABLE_MODULES = YES;
				CLANG_ENABLE_OBJC_ARC = YES;
				CLANG_ENABLE_OBJC_WEAK = YES;
				CLANG_WARN_BLOCK_CAPTURE_AUTORELEASING = YES;
				CLANG_WARN_BOOL_CONVERSION = YES;
				CLANG_WARN_COMMA = YES;
				CLANG_WARN_CONSTANT_CONVERSION = YES;
				CLANG_WARN_DEPRECATED_OBJC_IMPLEMENTATIONS = YES;
				CLANG_WARN_DIRECT_OBJC_ISA_USAGE = YES_ERROR;
				CLANG_WARN_DOCUMENTATION_COMMENTS = YES;
				CLANG_WARN_EMPTY_BODY = YES;
				CLANG_WARN_ENUM_CONVERSION = YES;
				CLANG_WARN_INFINITE_RECURSION = YES;
				CLANG_WARN_INT_CONVERSION = YES;
				CLANG_WARN_NON_LITERAL_NULL_CONVERSION = YES;
				CLANG_WARN_OBJC_IMPLICIT_RETAIN_SELF = YES;
				CLANG_WARN_OBJC_LITERAL_CONVERSION = YES;
				CLANG_WARN_OBJC_ROOT_CLASS = YES_ERROR;
				CLANG_WARN_RANGE_LOOP_ANALYSIS = YES;
				CLANG_WARN_STRICT_PROTOTYPES = YES;
				CLANG_WARN_SUSPICIOUS_MOVE = YES;
				CLANG_WARN_UNGUARDED_AVAILABILITY = YES_AGGRESSIVE;
				CLANG_WARN_UNREACHABLE_CODE = YES;
				CLANG_WARN__DUPLICATE_METHOD_MATCH = YES;
				CODE_SIGN_IDENTITY = "-";
				COPY_PHASE_STRIP = NO;
				DEBUG_INFORMATION_FORMAT = "dwarf-with-dsym";
				ENABLE_NS_ASSERTIONS = NO;
				ENABLE_STRICT_OBJC_MSGSEND = YES;
				GCC_C_LANGUAGE_STANDARD = gnu11;
				GCC_NO_COMMON_BLOCKS = YES;
				GCC_WARN_64_TO_32_BIT_CONVERSION = YES;
				GCC_WARN_ABOUT_RETURN_TYPE = YES_ERROR;
				GCC_WARN_UNDECLARED_SELECTOR = YES;
				GCC_WARN_UNINITIALIZED_AUTOS = YES_AGGRESSIVE;
				GCC_WARN_UNUSED_FUNCTION = YES;
				GCC_WARN_UNUSED_VARIABLE = YES;
				MACOSX_DEPLOYMENT_TARGET = 10.14;
				MTL_ENABLE_DEBUG_INFO = NO;
				MTL_FAST_MATH = YES;
				SDKROOT = macosx;
			};
			name = Release;
		};
		7638F0A6217B114E0014F21D /* Debug */ = {
			isa = XCBuildConfiguration;
			buildSettings = {
				CODE_SIGN_STYLE = Automatic;
				PRODUCT_NAME = "$(TARGET_NAME)";
			};
			name = Debug;
		};
		7638F0A7217B114E0014F21D /* Release */ = {
			isa = XCBuildConfiguration;
			buildSettings = {
				CODE_SIGN_STYLE = Automatic;
				PRODUCT_NAME = "$(TARGET_NAME)";
			};
			name = Release;
		};
/* End XCBuildConfiguration section */

/* Begin XCConfigurationList section */
		7638F099217B114E0014F21D /* Build configuration list for PBXProject "Proiect1_MatriciNumereReale" */ = {
			isa = XCConfigurationList;
			buildConfigurations = (
				7638F0A3217B114E0014F21D /* Debug */,
				7638F0A4217B114E0014F21D /* Release */,
			);
			defaultConfigurationIsVisible = 0;
			defaultConfigurationName = Release;
		};
		7638F0A5217B114E0014F21D /* Build configuration list for PBXNativeTarget "Proiect1_MatriciNumereReale" */ = {
			isa = XCConfigurationList;
			buildConfigurations = (
				7638F0A6217B114E0014F21D /* Debug */,
				7638F0A7217B114E0014F21D /* Release */,
			);
			defaultConfigurationIsVisible = 0;
			defaultConfigurationName = Release;
		};
/* End XCConfigurationList section */
	};
	rootObject = 7638F096217B114E0014F21D /* Project object */;
}
